// !$*UTF8*$!
{
	archiveVersion = 1;
	classes = {
	};
	objectVersion = 52;
	objects = {

/* Begin PBXBuildFile section */
		C298BCE22600560800F9FD6B /* AppDelegate.swift in Sources */ = {isa = PBXBuildFile; fileRef = C298BCE12600560800F9FD6B /* AppDelegate.swift */; };
		C298BCE42600560800F9FD6B /* SceneDelegate.swift in Sources */ = {isa = PBXBuildFile; fileRef = C298BCE32600560800F9FD6B /* SceneDelegate.swift */; };
		C298BCE62600560800F9FD6B /* ContentView.swift in Sources */ = {isa = PBXBuildFile; fileRef = C298BCE52600560800F9FD6B /* ContentView.swift */; };
		C298BCE82600560C00F9FD6B /* Assets.xcassets in Resources */ = {isa = PBXBuildFile; fileRef = C298BCE72600560C00F9FD6B /* Assets.xcassets */; };
		C298BCEB2600560C00F9FD6B /* Preview Assets.xcassets in Resources */ = {isa = PBXBuildFile; fileRef = C298BCEA2600560C00F9FD6B /* Preview Assets.xcassets */; };
		C298BCEE2600560C00F9FD6B /* LaunchScreen.storyboard in Resources */ = {isa = PBXBuildFile; fileRef = C298BCEC2600560C00F9FD6B /* LaunchScreen.storyboard */; };
		C298BCF7260059EC00F9FD6B /* Get.swift in Sources */ = {isa = PBXBuildFile; fileRef = C298BCF6260059EB00F9FD6B /* Get.swift */; };
		C2E9CF4E2608775500AB3DEE /* SwiftUIFontIcon in Frameworks */ = {isa = PBXBuildFile; productRef = C2E9CF4D2608775500AB3DEE /* SwiftUIFontIcon */; };
		C2E9CF5526087A0000AB3DEE /* CameraView.swift in Sources */ = {isa = PBXBuildFile; fileRef = C2E9CF5426087A0000AB3DEE /* CameraView.swift */; };
		C2E9CF582608896900AB3DEE /* CollectionView.swift in Sources */ = {isa = PBXBuildFile; fileRef = C2E9CF572608896900AB3DEE /* CollectionView.swift */; };
		C2EAAD37260F55C000E20F24 /* ImagePicker.swift in Sources */ = {isa = PBXBuildFile; fileRef = C2EAAD36260F55C000E20F24 /* ImagePicker.swift */; };
/* End PBXBuildFile section */

/* Begin PBXFileReference section */
		C298BCDE2600560800F9FD6B /* App.app */ = {isa = PBXFileReference; explicitFileType = wrapper.application; includeInIndex = 0; path = App.app; sourceTree = BUILT_PRODUCTS_DIR; };
		C298BCE12600560800F9FD6B /* AppDelegate.swift */ = {isa = PBXFileReference; lastKnownFileType = sourcecode.swift; path = AppDelegate.swift; sourceTree = "<group>"; };
		C298BCE32600560800F9FD6B /* SceneDelegate.swift */ = {isa = PBXFileReference; lastKnownFileType = sourcecode.swift; path = SceneDelegate.swift; sourceTree = "<group>"; };
		C298BCE52600560800F9FD6B /* ContentView.swift */ = {isa = PBXFileReference; lastKnownFileType = sourcecode.swift; path = ContentView.swift; sourceTree = "<group>"; };
		C298BCE72600560C00F9FD6B /* Assets.xcassets */ = {isa = PBXFileReference; lastKnownFileType = folder.assetcatalog; path = Assets.xcassets; sourceTree = "<group>"; };
		C298BCEA2600560C00F9FD6B /* Preview Assets.xcassets */ = {isa = PBXFileReference; lastKnownFileType = folder.assetcatalog; path = "Preview Assets.xcassets"; sourceTree = "<group>"; };
		C298BCED2600560C00F9FD6B /* Base */ = {isa = PBXFileReference; lastKnownFileType = file.storyboard; name = Base; path = Base.lproj/LaunchScreen.storyboard; sourceTree = "<group>"; };
		C298BCEF2600560C00F9FD6B /* Info.plist */ = {isa = PBXFileReference; lastKnownFileType = text.plist.xml; path = Info.plist; sourceTree = "<group>"; };
		C298BCF6260059EB00F9FD6B /* Get.swift */ = {isa = PBXFileReference; fileEncoding = 4; lastKnownFileType = sourcecode.swift; name = Get.swift; path = "../../../Library/Autosave Information/Get.swift"; sourceTree = "<group>"; };
		C2E9CF5426087A0000AB3DEE /* CameraView.swift */ = {isa = PBXFileReference; lastKnownFileType = sourcecode.swift; path = CameraView.swift; sourceTree = "<group>"; };
		C2E9CF572608896900AB3DEE /* CollectionView.swift */ = {isa = PBXFileReference; lastKnownFileType = sourcecode.swift; path = CollectionView.swift; sourceTree = "<group>"; };
		C2EAAD36260F55C000E20F24 /* ImagePicker.swift */ = {isa = PBXFileReference; lastKnownFileType = sourcecode.swift; path = ImagePicker.swift; sourceTree = "<group>"; };
/* End PBXFileReference section */

/* Begin PBXFrameworksBuildPhase section */
		C298BCDB2600560800F9FD6B /* Frameworks */ = {
			isa = PBXFrameworksBuildPhase;
			buildActionMask = 2147483647;
			files = (
				C2E9CF4E2608775500AB3DEE /* SwiftUIFontIcon in Frameworks */,
			);
			runOnlyForDeploymentPostprocessing = 0;
		};
/* End PBXFrameworksBuildPhase section */

/* Begin PBXGroup section */
		C298BCD52600560800F9FD6B = {
			isa = PBXGroup;
			children = (
				C298BCE02600560800F9FD6B /* App */,
				C298BCDF2600560800F9FD6B /* Products */,
			);
			sourceTree = "<group>";
		};
		C298BCDF2600560800F9FD6B /* Products */ = {
			isa = PBXGroup;
			children = (
				C298BCDE2600560800F9FD6B /* App.app */,
			);
			name = Products;
			sourceTree = "<group>";
		};
		C298BCE02600560800F9FD6B /* App */ = {
			isa = PBXGroup;
			children = (
				C298BCE12600560800F9FD6B /* AppDelegate.swift */,
				C298BCE32600560800F9FD6B /* SceneDelegate.swift */,
				C298BCE52600560800F9FD6B /* ContentView.swift */,
				C2E9CF572608896900AB3DEE /* CollectionView.swift */,
				C2E9CF5426087A0000AB3DEE /* CameraView.swift */,
				C2EAAD36260F55C000E20F24 /* ImagePicker.swift */,
				C298BCF6260059EB00F9FD6B /* Get.swift */,
				C298BCE72600560C00F9FD6B /* Assets.xcassets */,
				C298BCEC2600560C00F9FD6B /* LaunchScreen.storyboard */,
				C298BCEF2600560C00F9FD6B /* Info.plist */,
				C298BCE92600560C00F9FD6B /* Preview Content */,
			);
			path = App;
			sourceTree = "<group>";
		};
		C298BCE92600560C00F9FD6B /* Preview Content */ = {
			isa = PBXGroup;
			children = (
				C298BCEA2600560C00F9FD6B /* Preview Assets.xcassets */,
			);
			path = "Preview Content";
			sourceTree = "<group>";
		};
/* End PBXGroup section */

/* Begin PBXNativeTarget section */
		C298BCDD2600560800F9FD6B /* App */ = {
			isa = PBXNativeTarget;
			buildConfigurationList = C298BCF22600560C00F9FD6B /* Build configuration list for PBXNativeTarget "App" */;
			buildPhases = (
				C298BCDA2600560800F9FD6B /* Sources */,
				C298BCDB2600560800F9FD6B /* Frameworks */,
				C298BCDC2600560800F9FD6B /* Resources */,
			);
			buildRules = (
			);
			dependencies = (
			);
			name = App;
			packageProductDependencies = (
				C2E9CF4D2608775500AB3DEE /* SwiftUIFontIcon */,
			);
			productName = App;
			productReference = C298BCDE2600560800F9FD6B /* App.app */;
			productType = "com.apple.product-type.application";
		};
/* End PBXNativeTarget section */

/* Begin PBXProject section */
		C298BCD62600560800F9FD6B /* Project object */ = {
			isa = PBXProject;
			attributes = {
				LastSwiftUpdateCheck = 1230;
				LastUpgradeCheck = 1230;
				TargetAttributes = {
					C298BCDD2600560800F9FD6B = {
						CreatedOnToolsVersion = 12.3;
					};
				};
			};
			buildConfigurationList = C298BCD92600560800F9FD6B /* Build configuration list for PBXProject "App" */;
			compatibilityVersion = "Xcode 9.3";
			developmentRegion = en;
			hasScannedForEncodings = 0;
			knownRegions = (
				en,
				Base,
			);
			mainGroup = C298BCD52600560800F9FD6B;
			packageReferences = (
				C2E9CF4C2608775500AB3DEE /* XCRemoteSwiftPackageReference "SwiftUIFontIcon" */,
			);
			productRefGroup = C298BCDF2600560800F9FD6B /* Products */;
			projectDirPath = "";
			projectRoot = "";
			targets = (
				C298BCDD2600560800F9FD6B /* App */,
			);
		};
/* End PBXProject section */

/* Begin PBXResourcesBuildPhase section */
		C298BCDC2600560800F9FD6B /* Resources */ = {
			isa = PBXResourcesBuildPhase;
			buildActionMask = 2147483647;
			files = (
				C298BCEE2600560C00F9FD6B /* LaunchScreen.storyboard in Resources */,
				C298BCEB2600560C00F9FD6B /* Preview Assets.xcassets in Resources */,
				C298BCE82600560C00F9FD6B /* Assets.xcassets in Resources */,
			);
			runOnlyForDeploymentPostprocessing = 0;
		};
/* End PBXResourcesBuildPhase section */

/* Begin PBXSourcesBuildPhase section */
		C298BCDA2600560800F9FD6B /* Sources */ = {
			isa = PBXSourcesBuildPhase;
			buildActionMask = 2147483647;
			files = (
				C2E9CF582608896900AB3DEE /* CollectionView.swift in Sources */,
				C298BCF7260059EC00F9FD6B /* Get.swift in Sources */,
				C298BCE22600560800F9FD6B /* AppDelegate.swift in Sources */,
				C2EAAD37260F55C000E20F24 /* ImagePicker.swift in Sources */,
				C298BCE42600560800F9FD6B /* SceneDelegate.swift in Sources */,
				C2E9CF5526087A0000AB3DEE /* CameraView.swift in Sources */,
				C298BCE62600560800F9FD6B /* ContentView.swift in Sources */,
			);
			runOnlyForDeploymentPostprocessing = 0;
		};
/* End PBXSourcesBuildPhase section */

/* Begin PBXVariantGroup section */
		C298BCEC2600560C00F9FD6B /* LaunchScreen.storyboard */ = {
			isa = PBXVariantGroup;
			children = (
				C298BCED2600560C00F9FD6B /* Base */,
			);
			name = LaunchScreen.storyboard;
			sourceTree = "<group>";
		};
/* End PBXVariantGroup section */

/* Begin XCBuildConfiguration section */
		C298BCF02600560C00F9FD6B /* Debug */ = {
			isa = XCBuildConfiguration;
			buildSettings = {
				ALWAYS_SEARCH_USER_PATHS = NO;
				CLANG_ANALYZER_NONNULL = YES;
				CLANG_ANALYZER_NUMBER_OBJECT_CONVERSION = YES_AGGRESSIVE;
				CLANG_CXX_LANGUAGE_STANDARD = "gnu++14";
				CLANG_CXX_LIBRARY = "libc++";
				CLANG_ENABLE_MODULES = YES;
				CLANG_ENABLE_OBJC_ARC = YES;
				CLANG_ENABLE_OBJC_WEAK = YES;
				CLANG_WARN_BLOCK_CAPTURE_AUTORELEASING = YES;
				CLANG_WARN_BOOL_CONVERSION = YES;
				CLANG_WARN_COMMA = YES;
				CLANG_WARN_CONSTANT_CONVERSION = YES;
				CLANG_WARN_DEPRECATED_OBJC_IMPLEMENTATIONS = YES;
				CLANG_WARN_DIRECT_OBJC_ISA_USAGE = YES_ERROR;
				CLANG_WARN_DOCUMENTATION_COMMENTS = YES;
				CLANG_WARN_EMPTY_BODY = YES;
				CLANG_WARN_ENUM_CONVERSION = YES;
				CLANG_WARN_INFINITE_RECURSION = YES;
				CLANG_WARN_INT_CONVERSION = YES;
				CLANG_WARN_NON_LITERAL_NULL_CONVERSION = YES;
				CLANG_WARN_OBJC_IMPLICIT_RETAIN_SELF = YES;
				CLANG_WARN_OBJC_LITERAL_CONVERSION = YES;
				CLANG_WARN_OBJC_ROOT_CLASS = YES_ERROR;
				CLANG_WARN_QUOTED_INCLUDE_IN_FRAMEWORK_HEADER = YES;
				CLANG_WARN_RANGE_LOOP_ANALYSIS = YES;
				CLANG_WARN_STRICT_PROTOTYPES = YES;
				CLANG_WARN_SUSPICIOUS_MOVE = YES;
				CLANG_WARN_UNGUARDED_AVAILABILITY = YES_AGGRESSIVE;
				CLANG_WARN_UNREACHABLE_CODE = YES;
				CLANG_WARN__DUPLICATE_METHOD_MATCH = YES;
				COPY_PHASE_STRIP = NO;
				DEBUG_INFORMATION_FORMAT = dwarf;
				ENABLE_STRICT_OBJC_MSGSEND = YES;
				ENABLE_TESTABILITY = YES;
				GCC_C_LANGUAGE_STANDARD = gnu11;
				GCC_DYNAMIC_NO_PIC = NO;
				GCC_NO_COMMON_BLOCKS = YES;
				GCC_OPTIMIZATION_LEVEL = 0;
				GCC_PREPROCESSOR_DEFINITIONS = (
					"DEBUG=1",
					"$(inherited)",
				);
				GCC_WARN_64_TO_32_BIT_CONVERSION = YES;
				GCC_WARN_ABOUT_RETURN_TYPE = YES_ERROR;
				GCC_WARN_UNDECLARED_SELECTOR = YES;
				GCC_WARN_UNINITIALIZED_AUTOS = YES_AGGRESSIVE;
				GCC_WARN_UNUSED_FUNCTION = YES;
				GCC_WARN_UNUSED_VARIABLE = YES;
				IPHONEOS_DEPLOYMENT_TARGET = 14.3;
				MTL_ENABLE_DEBUG_INFO = INCLUDE_SOURCE;
				MTL_FAST_MATH = YES;
				ONLY_ACTIVE_ARCH = YES;
				SDKROOT = iphoneos;
				SWIFT_ACTIVE_COMPILATION_CONDITIONS = DEBUG;
				SWIFT_OPTIMIZATION_LEVEL = "-Onone";
			};
			name = Debug;
		};
		C298BCF12600560C00F9FD6B /* Release */ = {
			isa = XCBuildConfiguration;
			buildSettings = {
				ALWAYS_SEARCH_USER_PATHS = NO;
				CLANG_ANALYZER_NONNULL = YES;
				CLANG_ANALYZER_NUMBER_OBJECT_CONVERSION = YES_AGGRESSIVE;
				CLANG_CXX_LANGUAGE_STANDARD = "gnu++14";
				CLANG_CXX_LIBRARY = "libc++";
				CLANG_ENABLE_MODULES = YES;
				CLANG_ENABLE_OBJC_ARC = YES;
				CLANG_ENABLE_OBJC_WEAK = YES;
				CLANG_WARN_BLOCK_CAPTURE_AUTORELEASING = YES;
				CLANG_WARN_BOOL_CONVERSION = YES;
				CLANG_WARN_COMMA = YES;
				CLANG_WARN_CONSTANT_CONVERSION = YES;
				CLANG_WARN_DEPRECATED_OBJC_IMPLEMENTATIONS = YES;
				CLANG_WARN_DIRECT_OBJC_ISA_USAGE = YES_ERROR;
				CLANG_WARN_DOCUMENTATION_COMMENTS = YES;
				CLANG_WARN_EMPTY_BODY = YES;
				CLANG_WARN_ENUM_CONVERSION = YES;
				CLANG_WARN_INFINITE_RECURSION = YES;
				CLANG_WARN_INT_CONVERSION = YES;
				CLANG_WARN_NON_LITERAL_NULL_CONVERSION = YES;
				CLANG_WARN_OBJC_IMPLICIT_RETAIN_SELF = YES;
				CLANG_WARN_OBJC_LITERAL_CONVERSION = YES;
				CLANG_WARN_OBJC_ROOT_CLASS = YES_ERROR;
				CLANG_WARN_QUOTED_INCLUDE_IN_FRAMEWORK_HEADER = YES;
				CLANG_WARN_RANGE_LOOP_ANALYSIS = YES;
				CLANG_WARN_STRICT_PROTOTYPES = YES;
				CLANG_WARN_SUSPICIOUS_MOVE = YES;
				CLANG_WARN_UNGUARDED_AVAILABILITY = YES_AGGRESSIVE;
				CLANG_WARN_UNREACHABLE_CODE = YES;
				CLANG_WARN__DUPLICATE_METHOD_MATCH = YES;
				COPY_PHASE_STRIP = NO;
				DEBUG_INFORMATION_FORMAT = "dwarf-with-dsym";
				ENABLE_NS_ASSERTIONS = NO;
				ENABLE_STRICT_OBJC_MSGSEND = YES;
				GCC_C_LANGUAGE_STANDARD = gnu11;
				GCC_NO_COMMON_BLOCKS = YES;
				GCC_WARN_64_TO_32_BIT_CONVERSION = YES;
				GCC_WARN_ABOUT_RETURN_TYPE = YES_ERROR;
				GCC_WARN_UNDECLARED_SELECTOR = YES;
				GCC_WARN_UNINITIALIZED_AUTOS = YES_AGGRESSIVE;
				GCC_WARN_UNUSED_FUNCTION = YES;
				GCC_WARN_UNUSED_VARIABLE = YES;
				IPHONEOS_DEPLOYMENT_TARGET = 14.3;
				MTL_ENABLE_DEBUG_INFO = NO;
				MTL_FAST_MATH = YES;
				SDKROOT = iphoneos;
				SWIFT_COMPILATION_MODE = wholemodule;
				SWIFT_OPTIMIZATION_LEVEL = "-O";
				VALIDATE_PRODUCT = YES;
			};
			name = Release;
		};
		C298BCF32600560C00F9FD6B /* Debug */ = {
			isa = XCBuildConfiguration;
			buildSettings = {
				ASSETCATALOG_COMPILER_APPICON_NAME = AppIcon;
				ASSETCATALOG_COMPILER_GLOBAL_ACCENT_COLOR_NAME = AccentColor;
				CODE_SIGN_STYLE = Automatic;
				DEVELOPMENT_ASSET_PATHS = "\"App/Preview Content\"";
				DEVELOPMENT_TEAM = Y8K5Q46WQN;
				ENABLE_PREVIEWS = YES;
				INFOPLIST_FILE = App/Info.plist;
				LD_RUNPATH_SEARCH_PATHS = (
					"$(inherited)",
					"@executable_path/Frameworks",
				);
				PRODUCT_BUNDLE_IDENTIFIER = "Sebastian-Baldwin.App";
				PRODUCT_NAME = "$(TARGET_NAME)";
				SWIFT_VERSION = 5.0;
				TARGETED_DEVICE_FAMILY = "1,2";
			};
			name = Debug;
		};
		C298BCF42600560C00F9FD6B /* Release */ = {
			isa = XCBuildConfiguration;
			buildSettings = {
				ASSETCATALOG_COMPILER_APPICON_NAME = AppIcon;
				ASSETCATALOG_COMPILER_GLOBAL_ACCENT_COLOR_NAME = AccentColor;
				CODE_SIGN_STYLE = Automatic;
				DEVELOPMENT_ASSET_PATHS = "\"App/Preview Content\"";
				DEVELOPMENT_TEAM = Y8K5Q46WQN;
				ENABLE_PREVIEWS = YES;
				INFOPLIST_FILE = App/Info.plist;
				LD_RUNPATH_SEARCH_PATHS = (
					"$(inherited)",
					"@executable_path/Frameworks",
				);
				PRODUCT_BUNDLE_IDENTIFIER = "Sebastian-Baldwin.App";
				PRODUCT_NAME = "$(TARGET_NAME)";
				SWIFT_VERSION = 5.0;
				TARGETED_DEVICE_FAMILY = "1,2";
			};
			name = Release;
		};
/* End XCBuildConfiguration section */

/* Begin XCConfigurationList section */
		C298BCD92600560800F9FD6B /* Build configuration list for PBXProject "App" */ = {
			isa = XCConfigurationList;
			buildConfigurations = (
				C298BCF02600560C00F9FD6B /* Debug */,
				C298BCF12600560C00F9FD6B /* Release */,
			);
			defaultConfigurationIsVisible = 0;
			defaultConfigurationName = Release;
		};
		C298BCF22600560C00F9FD6B /* Build configuration list for PBXNativeTarget "App" */ = {
			isa = XCConfigurationList;
			buildConfigurations = (
				C298BCF32600560C00F9FD6B /* Debug */,
				C298BCF42600560C00F9FD6B /* Release */,
			);
			defaultConfigurationIsVisible = 0;
			defaultConfigurationName = Release;
		};
/* End XCConfigurationList section */

/* Begin XCRemoteSwiftPackageReference section */
		C2E9CF4C2608775500AB3DEE /* XCRemoteSwiftPackageReference "SwiftUIFontIcon" */ = {
			isa = XCRemoteSwiftPackageReference;
			repositoryURL = "https://github.com/huybuidac/SwiftUIFontIcon";
			requirement = {
				kind = upToNextMajorVersion;
				minimumVersion = 2.1.0;
			};
		};
/* End XCRemoteSwiftPackageReference section */

/* Begin XCSwiftPackageProductDependency section */
		C2E9CF4D2608775500AB3DEE /* SwiftUIFontIcon */ = {
			isa = XCSwiftPackageProductDependency;
			package = C2E9CF4C2608775500AB3DEE /* XCRemoteSwiftPackageReference "SwiftUIFontIcon" */;
			productName = SwiftUIFontIcon;
		};
/* End XCSwiftPackageProductDependency section */
	};
	rootObject = C298BCD62600560800F9FD6B /* Project object */;
}
